
Microsoft Visual Studio Solution File, Format Version 12.00
Project("{FAE04EC0-301F-11D3-BF4B-00C04F79EFBC}") = "Client", "Client\Client.csproj", "{256DD67F-F93B-4C08-9564-33E9CC86F555}"
EndProject
Project("{FAE04EC0-301F-11D3-BF4B-00C04F79EFBC}") = "Server", "Server\Server.csproj", "{2510ACC1-B706-4BCB-B60E-9A457E3868BC}"
EndProject
Global
	GlobalSection(SolutionConfigurationPlatforms) = preSolution
		Debug|Any CPU = Debug|Any CPU
		Release|Any CPU = Release|Any CPU
	EndGlobalSection
	GlobalSection(ProjectConfigurationPlatforms) = postSolution
		{256DD67F-F93B-4C08-9564-33E9CC86F555}.Debug|Any CPU.ActiveCfg = Debug|Any CPU
		{256DD67F-F93B-4C08-9564-33E9CC86F555}.Debug|Any CPU.Build.0 = Debug|Any CPU
		{256DD67F-F93B-4C08-9564-33E9CC86F555}.Release|Any CPU.ActiveCfg = Release|Any CPU
		{256DD67F-F93B-4C08-9564-33E9CC86F555}.Release|Any CPU.Build.0 = Release|Any CPU
		{2510ACC1-B706-4BCB-B60E-9A457E3868BC}.Debug|Any CPU.ActiveCfg = Debug|Any CPU
		{2510ACC1-B706-4BCB-B60E-9A457E3868BC}.Debug|Any CPU.Build.0 = Debug|Any CPU
		{2510ACC1-B706-4BCB-B60E-9A457E3868BC}.Release|Any CPU.ActiveCfg = Release|Any CPU
		{2510ACC1-B706-4BCB-B60E-9A457E3868BC}.Release|Any CPU.Build.0 = Release|Any CPU
	EndGlobalSection
EndGlobal
